
Microsoft Visual Studio Solution File, Format Version 12.00
# Visual Studio Version 17
VisualStudioVersion = 17.2.32602.215
MinimumVisualStudioVersion = 10.0.40219.1
Project("{FAE04EC0-301F-11D3-BF4B-00C04F79EFBC}") = "MoneyPro", "MoneyPro\MoneyPro.csproj", "{F9AEDC4F-1C8F-4A4E-AF9F-104A1FC193A3}"
EndProject
Project("{FAE04EC0-301F-11D3-BF4B-00C04F79EFBC}") = "DAL", "DAL\DAL.csproj", "{99CC24A4-E1F9-4278-8F29-4B42C6EE06ED}"
EndProject
Project("{FAE04EC0-301F-11D3-BF4B-00C04F79EFBC}") = "BLL", "BLL\BLL.csproj", "{69F48DA4-AB99-4F82-9FDD-69629D8EDCBF}"
EndProject
Project("{FAE04EC0-301F-11D3-BF4B-00C04F79EFBC}") = "Modelos", "Modelos\Modelos.csproj", "{CE668061-5BEE-4510-B172-E62A489A27A5}"
EndProject
Project("{FAE04EC0-301F-11D3-BF4B-00C04F79EFBC}") = "OFXSharp", "OFXSharp\OFXSharp.csproj", "{7BBA813D-EE93-491A-B0C7-FBD588E393CB}"
EndProject
Project("{2150E333-8FDC-42A3-9474-1A3956D46DE8}") = "Itens de Solução", "Itens de Solução", "{FAA9EB6F-67FC-436D-872A-2A6844020066}"
	ProjectSection(SolutionItems) = preProject
		.gitignore = .gitignore
		README.md = README.md
	EndProjectSection
EndProject
Project("{2150E333-8FDC-42A3-9474-1A3956D46DE8}") = "Banco de Dados", "Banco de Dados", "{07A5A870-5C3A-44EA-8388-8329EB21BF97}"
	ProjectSection(SolutionItems) = preProject
		Banco de Dados\Backup MoneyPro.sql = Banco de Dados\Backup MoneyPro.sql
		Banco de Dados\Comparação_Devel_Produção.scmp = Banco de Dados\Comparação_Devel_Produção.scmp
		Banco de Dados\UsuárioAdmin.sql = Banco de Dados\UsuárioAdmin.sql
	EndProjectSection
EndProject
Project("{2150E333-8FDC-42A3-9474-1A3956D46DE8}") = "Scripts SQL Server", "Scripts SQL Server", "{26551E6D-5022-4C96-8347-5549102E5EC4}"
	ProjectSection(SolutionItems) = preProject
		Banco de Dados\Scripts SQL Server\MoneyPro_Script_1_1_0_74.sql = Banco de Dados\Scripts SQL Server\MoneyPro_Script_1_1_0_74.sql
		Banco de Dados\Scripts SQL Server\MoneyPro_Script_1_1_0_75.sql = Banco de Dados\Scripts SQL Server\MoneyPro_Script_1_1_0_75.sql
		Banco de Dados\Scripts SQL Server\MoneyPro_Script_1_1_0_76.sql = Banco de Dados\Scripts SQL Server\MoneyPro_Script_1_1_0_76.sql
		Banco de Dados\Scripts SQL Server\MoneyPro_Script_1_1_0_77.sql = Banco de Dados\Scripts SQL Server\MoneyPro_Script_1_1_0_77.sql
		Banco de Dados\Scripts SQL Server\MoneyPro_Script_1_1_0_78.sql = Banco de Dados\Scripts SQL Server\MoneyPro_Script_1_1_0_78.sql
		Banco de Dados\Scripts SQL Server\MoneyPro_Script_1_1_0_79.sql = Banco de Dados\Scripts SQL Server\MoneyPro_Script_1_1_0_79.sql
	EndProjectSection
EndProject
Global
	GlobalSection(SolutionConfigurationPlatforms) = preSolution
		Debug|Any CPU = Debug|Any CPU
		Debug|x64 = Debug|x64
		Release|Any CPU = Release|Any CPU
		Release|x64 = Release|x64
	EndGlobalSection
	GlobalSection(ProjectConfigurationPlatforms) = postSolution
		{F9AEDC4F-1C8F-4A4E-AF9F-104A1FC193A3}.Debug|Any CPU.ActiveCfg = Debug|Any CPU
		{F9AEDC4F-1C8F-4A4E-AF9F-104A1FC193A3}.Debug|Any CPU.Build.0 = Debug|Any CPU
		{F9AEDC4F-1C8F-4A4E-AF9F-104A1FC193A3}.Debug|x64.ActiveCfg = Debug|x64
		{F9AEDC4F-1C8F-4A4E-AF9F-104A1FC193A3}.Debug|x64.Build.0 = Debug|x64
		{F9AEDC4F-1C8F-4A4E-AF9F-104A1FC193A3}.Release|Any CPU.ActiveCfg = Release|Any CPU
		{F9AEDC4F-1C8F-4A4E-AF9F-104A1FC193A3}.Release|Any CPU.Build.0 = Release|Any CPU
		{F9AEDC4F-1C8F-4A4E-AF9F-104A1FC193A3}.Release|x64.ActiveCfg = Release|x64
		{F9AEDC4F-1C8F-4A4E-AF9F-104A1FC193A3}.Release|x64.Build.0 = Release|x64
		{99CC24A4-E1F9-4278-8F29-4B42C6EE06ED}.Debug|Any CPU.ActiveCfg = Debug|Any CPU
		{99CC24A4-E1F9-4278-8F29-4B42C6EE06ED}.Debug|Any CPU.Build.0 = Debug|Any CPU
		{99CC24A4-E1F9-4278-8F29-4B42C6EE06ED}.Debug|x64.ActiveCfg = Debug|x64
		{99CC24A4-E1F9-4278-8F29-4B42C6EE06ED}.Debug|x64.Build.0 = Debug|x64
		{99CC24A4-E1F9-4278-8F29-4B42C6EE06ED}.Release|Any CPU.ActiveCfg = Release|Any CPU
		{99CC24A4-E1F9-4278-8F29-4B42C6EE06ED}.Release|Any CPU.Build.0 = Release|Any CPU
		{99CC24A4-E1F9-4278-8F29-4B42C6EE06ED}.Release|x64.ActiveCfg = Release|x64
		{99CC24A4-E1F9-4278-8F29-4B42C6EE06ED}.Release|x64.Build.0 = Release|x64
		{69F48DA4-AB99-4F82-9FDD-69629D8EDCBF}.Debug|Any CPU.ActiveCfg = Debug|Any CPU
		{69F48DA4-AB99-4F82-9FDD-69629D8EDCBF}.Debug|Any CPU.Build.0 = Debug|Any CPU
		{69F48DA4-AB99-4F82-9FDD-69629D8EDCBF}.Debug|x64.ActiveCfg = Debug|x64
		{69F48DA4-AB99-4F82-9FDD-69629D8EDCBF}.Debug|x64.Build.0 = Debug|x64
		{69F48DA4-AB99-4F82-9FDD-69629D8EDCBF}.Release|Any CPU.ActiveCfg = Release|Any CPU
		{69F48DA4-AB99-4F82-9FDD-69629D8EDCBF}.Release|Any CPU.Build.0 = Release|Any CPU
		{69F48DA4-AB99-4F82-9FDD-69629D8EDCBF}.Release|x64.ActiveCfg = Release|x64
		{69F48DA4-AB99-4F82-9FDD-69629D8EDCBF}.Release|x64.Build.0 = Release|x64
		{CE668061-5BEE-4510-B172-E62A489A27A5}.Debug|Any CPU.ActiveCfg = Debug|Any CPU
		{CE668061-5BEE-4510-B172-E62A489A27A5}.Debug|Any CPU.Build.0 = Debug|Any CPU
		{CE668061-5BEE-4510-B172-E62A489A27A5}.Debug|x64.ActiveCfg = Debug|x64
		{CE668061-5BEE-4510-B172-E62A489A27A5}.Debug|x64.Build.0 = Debug|x64
		{CE668061-5BEE-4510-B172-E62A489A27A5}.Release|Any CPU.ActiveCfg = Release|Any CPU
		{CE668061-5BEE-4510-B172-E62A489A27A5}.Release|Any CPU.Build.0 = Release|Any CPU
		{CE668061-5BEE-4510-B172-E62A489A27A5}.Release|x64.ActiveCfg = Release|x64
		{CE668061-5BEE-4510-B172-E62A489A27A5}.Release|x64.Build.0 = Release|x64
		{7BBA813D-EE93-491A-B0C7-FBD588E393CB}.Debug|Any CPU.ActiveCfg = Debug|Any CPU
		{7BBA813D-EE93-491A-B0C7-FBD588E393CB}.Debug|Any CPU.Build.0 = Debug|Any CPU
		{7BBA813D-EE93-491A-B0C7-FBD588E393CB}.Debug|x64.ActiveCfg = Debug|x64
		{7BBA813D-EE93-491A-B0C7-FBD588E393CB}.Debug|x64.Build.0 = Debug|x64
		{7BBA813D-EE93-491A-B0C7-FBD588E393CB}.Release|Any CPU.ActiveCfg = Release|Any CPU
		{7BBA813D-EE93-491A-B0C7-FBD588E393CB}.Release|Any CPU.Build.0 = Release|Any CPU
		{7BBA813D-EE93-491A-B0C7-FBD588E393CB}.Release|x64.ActiveCfg = Release|x64
		{7BBA813D-EE93-491A-B0C7-FBD588E393CB}.Release|x64.Build.0 = Release|x64
	EndGlobalSection
	GlobalSection(SolutionProperties) = preSolution
		HideSolutionNode = FALSE
	EndGlobalSection
	GlobalSection(NestedProjects) = preSolution
		{26551E6D-5022-4C96-8347-5549102E5EC4} = {07A5A870-5C3A-44EA-8388-8329EB21BF97}
	EndGlobalSection
	GlobalSection(ExtensibilityGlobals) = postSolution
		SolutionGuid = {1E2A26FE-64AD-41EC-ABA7-752861A13AE4}
	EndGlobalSection
EndGlobal
